// !$*UTF8*$!
{
	archiveVersion = 1;
	classes = {
	};
	objectVersion = 56;
	objects = {

/* Begin PBXBuildFile section */
		C522AD692AFD32D6005F45A2 /* EzMoneyTrackerApp.swift in Sources */ = {isa = PBXBuildFile; fileRef = C522AD682AFD32D6005F45A2 /* EzMoneyTrackerApp.swift */; };
		C522AD6B2AFD32D6005F45A2 /* ContentView.swift in Sources */ = {isa = PBXBuildFile; fileRef = C522AD6A2AFD32D6005F45A2 /* ContentView.swift */; };
		C522AD6D2AFD32D6005F45A2 /* Transaction.swift in Sources */ = {isa = PBXBuildFile; fileRef = C522AD6C2AFD32D6005F45A2 /* Transaction.swift */; };
		C522AD6F2AFD32D8005F45A2 /* Assets.xcassets in Resources */ = {isa = PBXBuildFile; fileRef = C522AD6E2AFD32D8005F45A2 /* Assets.xcassets */; };
		C522AD732AFD32D8005F45A2 /* Preview Assets.xcassets in Resources */ = {isa = PBXBuildFile; fileRef = C522AD722AFD32D8005F45A2 /* Preview Assets.xcassets */; };
		C522AD7E2AFD32D8005F45A2 /* EzMoneyTrackerTests.swift in Sources */ = {isa = PBXBuildFile; fileRef = C522AD7D2AFD32D8005F45A2 /* EzMoneyTrackerTests.swift */; };
		C522AD882AFD32D8005F45A2 /* EzMoneyTrackerUITests.swift in Sources */ = {isa = PBXBuildFile; fileRef = C522AD872AFD32D8005F45A2 /* EzMoneyTrackerUITests.swift */; };
		C522AD8A2AFD32D8005F45A2 /* EzMoneyTrackerUITestsLaunchTests.swift in Sources */ = {isa = PBXBuildFile; fileRef = C522AD892AFD32D8005F45A2 /* EzMoneyTrackerUITestsLaunchTests.swift */; };
		C5387D6D2B1C086A00950BAB /* TransactionView.swift in Sources */ = {isa = PBXBuildFile; fileRef = C5387D6C2B1C086A00950BAB /* TransactionView.swift */; };
		C5387D6F2B1C08EE00950BAB /* TransactionViewModel.swift in Sources */ = {isa = PBXBuildFile; fileRef = C5387D6E2B1C08EE00950BAB /* TransactionViewModel.swift */; };
/* End PBXBuildFile section */

/* Begin PBXContainerItemProxy section */
		C522AD7A2AFD32D8005F45A2 /* PBXContainerItemProxy */ = {
			isa = PBXContainerItemProxy;
			containerPortal = C522AD5D2AFD32D6005F45A2 /* Project object */;
			proxyType = 1;
			remoteGlobalIDString = C522AD642AFD32D6005F45A2;
			remoteInfo = EzMoneyTracker;
		};
		C522AD842AFD32D8005F45A2 /* PBXContainerItemProxy */ = {
			isa = PBXContainerItemProxy;
			containerPortal = C522AD5D2AFD32D6005F45A2 /* Project object */;
			proxyType = 1;
			remoteGlobalIDString = C522AD642AFD32D6005F45A2;
			remoteInfo = EzMoneyTracker;
		};
/* End PBXContainerItemProxy section */

/* Begin PBXFileReference section */
		C522AD652AFD32D6005F45A2 /* EzMoneyTracker.app */ = {isa = PBXFileReference; explicitFileType = wrapper.application; includeInIndex = 0; path = EzMoneyTracker.app; sourceTree = BUILT_PRODUCTS_DIR; };
		C522AD682AFD32D6005F45A2 /* EzMoneyTrackerApp.swift */ = {isa = PBXFileReference; lastKnownFileType = sourcecode.swift; path = EzMoneyTrackerApp.swift; sourceTree = "<group>"; };
		C522AD6A2AFD32D6005F45A2 /* ContentView.swift */ = {isa = PBXFileReference; lastKnownFileType = sourcecode.swift; path = ContentView.swift; sourceTree = "<group>"; };
		C522AD6C2AFD32D6005F45A2 /* Transaction.swift */ = {isa = PBXFileReference; lastKnownFileType = sourcecode.swift; path = Transaction.swift; sourceTree = "<group>"; };
		C522AD6E2AFD32D8005F45A2 /* Assets.xcassets */ = {isa = PBXFileReference; lastKnownFileType = folder.assetcatalog; path = Assets.xcassets; sourceTree = "<group>"; };
		C522AD702AFD32D8005F45A2 /* EzMoneyTracker.entitlements */ = {isa = PBXFileReference; lastKnownFileType = text.plist.entitlements; path = EzMoneyTracker.entitlements; sourceTree = "<group>"; };
		C522AD722AFD32D8005F45A2 /* Preview Assets.xcassets */ = {isa = PBXFileReference; lastKnownFileType = folder.assetcatalog; path = "Preview Assets.xcassets"; sourceTree = "<group>"; };
		C522AD742AFD32D8005F45A2 /* Info.plist */ = {isa = PBXFileReference; lastKnownFileType = text.plist.xml; path = Info.plist; sourceTree = "<group>"; };
		C522AD792AFD32D8005F45A2 /* EzMoneyTrackerTests.xctest */ = {isa = PBXFileReference; explicitFileType = wrapper.cfbundle; includeInIndex = 0; path = EzMoneyTrackerTests.xctest; sourceTree = BUILT_PRODUCTS_DIR; };
		C522AD7D2AFD32D8005F45A2 /* EzMoneyTrackerTests.swift */ = {isa = PBXFileReference; lastKnownFileType = sourcecode.swift; path = EzMoneyTrackerTests.swift; sourceTree = "<group>"; };
		C522AD832AFD32D8005F45A2 /* EzMoneyTrackerUITests.xctest */ = {isa = PBXFileReference; explicitFileType = wrapper.cfbundle; includeInIndex = 0; path = EzMoneyTrackerUITests.xctest; sourceTree = BUILT_PRODUCTS_DIR; };
		C522AD872AFD32D8005F45A2 /* EzMoneyTrackerUITests.swift */ = {isa = PBXFileReference; lastKnownFileType = sourcecode.swift; path = EzMoneyTrackerUITests.swift; sourceTree = "<group>"; };
		C522AD892AFD32D8005F45A2 /* EzMoneyTrackerUITestsLaunchTests.swift */ = {isa = PBXFileReference; lastKnownFileType = sourcecode.swift; path = EzMoneyTrackerUITestsLaunchTests.swift; sourceTree = "<group>"; };
		C5387D6C2B1C086A00950BAB /* TransactionView.swift */ = {isa = PBXFileReference; lastKnownFileType = sourcecode.swift; path = TransactionView.swift; sourceTree = "<group>"; };
		C5387D6E2B1C08EE00950BAB /* TransactionViewModel.swift */ = {isa = PBXFileReference; lastKnownFileType = sourcecode.swift; path = TransactionViewModel.swift; sourceTree = "<group>"; };
/* End PBXFileReference section */

/* Begin PBXFrameworksBuildPhase section */
		C522AD622AFD32D6005F45A2 /* Frameworks */ = {
			isa = PBXFrameworksBuildPhase;
			buildActionMask = 2147483647;
			files = (
			);
			runOnlyForDeploymentPostprocessing = 0;
		};
		C522AD762AFD32D8005F45A2 /* Frameworks */ = {
			isa = PBXFrameworksBuildPhase;
			buildActionMask = 2147483647;
			files = (
			);
			runOnlyForDeploymentPostprocessing = 0;
		};
		C522AD802AFD32D8005F45A2 /* Frameworks */ = {
			isa = PBXFrameworksBuildPhase;
			buildActionMask = 2147483647;
			files = (
			);
			runOnlyForDeploymentPostprocessing = 0;
		};
/* End PBXFrameworksBuildPhase section */

/* Begin PBXGroup section */
		C522AD5C2AFD32D6005F45A2 = {
			isa = PBXGroup;
			children = (
				C522AD672AFD32D6005F45A2 /* EzMoneyTracker */,
				C522AD7C2AFD32D8005F45A2 /* EzMoneyTrackerTests */,
				C522AD862AFD32D8005F45A2 /* EzMoneyTrackerUITests */,
				C522AD662AFD32D6005F45A2 /* Products */,
			);
			sourceTree = "<group>";
		};
		C522AD662AFD32D6005F45A2 /* Products */ = {
			isa = PBXGroup;
			children = (
				C522AD652AFD32D6005F45A2 /* EzMoneyTracker.app */,
				C522AD792AFD32D8005F45A2 /* EzMoneyTrackerTests.xctest */,
				C522AD832AFD32D8005F45A2 /* EzMoneyTrackerUITests.xctest */,
			);
			name = Products;
			sourceTree = "<group>";
		};
		C522AD672AFD32D6005F45A2 /* EzMoneyTracker */ = {
			isa = PBXGroup;
			children = (
				C522AD682AFD32D6005F45A2 /* EzMoneyTrackerApp.swift */,
				C5387D6C2B1C086A00950BAB /* TransactionView.swift */,
				C5387D6E2B1C08EE00950BAB /* TransactionViewModel.swift */,
				C522AD6A2AFD32D6005F45A2 /* ContentView.swift */,
				C522AD6C2AFD32D6005F45A2 /* Transaction.swift */,
				C522AD6E2AFD32D8005F45A2 /* Assets.xcassets */,
				C522AD702AFD32D8005F45A2 /* EzMoneyTracker.entitlements */,
				C522AD742AFD32D8005F45A2 /* Info.plist */,
				C522AD712AFD32D8005F45A2 /* Preview Content */,
			);
			path = EzMoneyTracker;
			sourceTree = "<group>";
		};
		C522AD712AFD32D8005F45A2 /* Preview Content */ = {
			isa = PBXGroup;
			children = (
				C522AD722AFD32D8005F45A2 /* Preview Assets.xcassets */,
			);
			path = "Preview Content";
			sourceTree = "<group>";
		};
		C522AD7C2AFD32D8005F45A2 /* EzMoneyTrackerTests */ = {
			isa = PBXGroup;
			children = (
				C522AD7D2AFD32D8005F45A2 /* EzMoneyTrackerTests.swift */,
			);
			path = EzMoneyTrackerTests;
			sourceTree = "<group>";
		};
		C522AD862AFD32D8005F45A2 /* EzMoneyTrackerUITests */ = {
			isa = PBXGroup;
			children = (
				C522AD872AFD32D8005F45A2 /* EzMoneyTrackerUITests.swift */,
				C522AD892AFD32D8005F45A2 /* EzMoneyTrackerUITestsLaunchTests.swift */,
			);
			path = EzMoneyTrackerUITests;
			sourceTree = "<group>";
		};
/* End PBXGroup section */

/* Begin PBXNativeTarget section */
		C522AD642AFD32D6005F45A2 /* EzMoneyTracker */ = {
			isa = PBXNativeTarget;
			buildConfigurationList = C522AD8D2AFD32D8005F45A2 /* Build configuration list for PBXNativeTarget "EzMoneyTracker" */;
			buildPhases = (
				C522AD612AFD32D6005F45A2 /* Sources */,
				C522AD622AFD32D6005F45A2 /* Frameworks */,
				C522AD632AFD32D6005F45A2 /* Resources */,
			);
			buildRules = (
			);
			dependencies = (
			);
			name = EzMoneyTracker;
			productName = EzMoneyTracker;
			productReference = C522AD652AFD32D6005F45A2 /* EzMoneyTracker.app */;
			productType = "com.apple.product-type.application";
		};
		C522AD782AFD32D8005F45A2 /* EzMoneyTrackerTests */ = {
			isa = PBXNativeTarget;
			buildConfigurationList = C522AD902AFD32D8005F45A2 /* Build configuration list for PBXNativeTarget "EzMoneyTrackerTests" */;
			buildPhases = (
				C522AD752AFD32D8005F45A2 /* Sources */,
				C522AD762AFD32D8005F45A2 /* Frameworks */,
				C522AD772AFD32D8005F45A2 /* Resources */,
			);
			buildRules = (
			);
			dependencies = (
				C522AD7B2AFD32D8005F45A2 /* PBXTargetDependency */,
			);
			name = EzMoneyTrackerTests;
			productName = EzMoneyTrackerTests;
			productReference = C522AD792AFD32D8005F45A2 /* EzMoneyTrackerTests.xctest */;
			productType = "com.apple.product-type.bundle.unit-test";
		};
		C522AD822AFD32D8005F45A2 /* EzMoneyTrackerUITests */ = {
			isa = PBXNativeTarget;
			buildConfigurationList = C522AD932AFD32D8005F45A2 /* Build configuration list for PBXNativeTarget "EzMoneyTrackerUITests" */;
			buildPhases = (
				C522AD7F2AFD32D8005F45A2 /* Sources */,
				C522AD802AFD32D8005F45A2 /* Frameworks */,
				C522AD812AFD32D8005F45A2 /* Resources */,
			);
			buildRules = (
			);
			dependencies = (
				C522AD852AFD32D8005F45A2 /* PBXTargetDependency */,
			);
			name = EzMoneyTrackerUITests;
			productName = EzMoneyTrackerUITests;
			productReference = C522AD832AFD32D8005F45A2 /* EzMoneyTrackerUITests.xctest */;
			productType = "com.apple.product-type.bundle.ui-testing";
		};
/* End PBXNativeTarget section */

/* Begin PBXProject section */
		C522AD5D2AFD32D6005F45A2 /* Project object */ = {
			isa = PBXProject;
			attributes = {
				BuildIndependentTargetsInParallel = 1;
				LastSwiftUpdateCheck = 1500;
				LastUpgradeCheck = 1500;
				TargetAttributes = {
					C522AD642AFD32D6005F45A2 = {
						CreatedOnToolsVersion = 15.0;
					};
					C522AD782AFD32D8005F45A2 = {
						CreatedOnToolsVersion = 15.0;
						TestTargetID = C522AD642AFD32D6005F45A2;
					};
					C522AD822AFD32D8005F45A2 = {
						CreatedOnToolsVersion = 15.0;
						TestTargetID = C522AD642AFD32D6005F45A2;
					};
				};
			};
			buildConfigurationList = C522AD602AFD32D6005F45A2 /* Build configuration list for PBXProject "EzMoneyTracker" */;
			compatibilityVersion = "Xcode 14.0";
			developmentRegion = en;
			hasScannedForEncodings = 0;
			knownRegions = (
				en,
				Base,
			);
			mainGroup = C522AD5C2AFD32D6005F45A2;
			productRefGroup = C522AD662AFD32D6005F45A2 /* Products */;
			projectDirPath = "";
			projectRoot = "";
			targets = (
				C522AD642AFD32D6005F45A2 /* EzMoneyTracker */,
				C522AD782AFD32D8005F45A2 /* EzMoneyTrackerTests */,
				C522AD822AFD32D8005F45A2 /* EzMoneyTrackerUITests */,
			);
		};
/* End PBXProject section */

/* Begin PBXResourcesBuildPhase section */
		C522AD632AFD32D6005F45A2 /* Resources */ = {
			isa = PBXResourcesBuildPhase;
			buildActionMask = 2147483647;
			files = (
				C522AD732AFD32D8005F45A2 /* Preview Assets.xcassets in Resources */,
				C522AD6F2AFD32D8005F45A2 /* Assets.xcassets in Resources */,
			);
			runOnlyForDeploymentPostprocessing = 0;
		};
		C522AD772AFD32D8005F45A2 /* Resources */ = {
			isa = PBXResourcesBuildPhase;
			buildActionMask = 2147483647;
			files = (
			);
			runOnlyForDeploymentPostprocessing = 0;
		};
		C522AD812AFD32D8005F45A2 /* Resources */ = {
			isa = PBXResourcesBuildPhase;
			buildActionMask = 2147483647;
			files = (
			);
			runOnlyForDeploymentPostprocessing = 0;
		};
/* End PBXResourcesBuildPhase section */

/* Begin PBXSourcesBuildPhase section */
		C522AD612AFD32D6005F45A2 /* Sources */ = {
			isa = PBXSourcesBuildPhase;
			buildActionMask = 2147483647;
			files = (
				C522AD6B2AFD32D6005F45A2 /* ContentView.swift in Sources */,
				C5387D6D2B1C086A00950BAB /* TransactionView.swift in Sources */,
				C522AD6D2AFD32D6005F45A2 /* Transaction.swift in Sources */,
				C522AD692AFD32D6005F45A2 /* EzMoneyTrackerApp.swift in Sources */,
				C5387D6F2B1C08EE00950BAB /* TransactionViewModel.swift in Sources */,
			);
			runOnlyForDeploymentPostprocessing = 0;
		};
		C522AD752AFD32D8005F45A2 /* Sources */ = {
			isa = PBXSourcesBuildPhase;
			buildActionMask = 2147483647;
			files = (
				C522AD7E2AFD32D8005F45A2 /* EzMoneyTrackerTests.swift in Sources */,
			);
			runOnlyForDeploymentPostprocessing = 0;
		};
		C522AD7F2AFD32D8005F45A2 /* Sources */ = {
			isa = PBXSourcesBuildPhase;
			buildActionMask = 2147483647;
			files = (
				C522AD882AFD32D8005F45A2 /* EzMoneyTrackerUITests.swift in Sources */,
				C522AD8A2AFD32D8005F45A2 /* EzMoneyTrackerUITestsLaunchTests.swift in Sources */,
			);
			runOnlyForDeploymentPostprocessing = 0;
		};
/* End PBXSourcesBuildPhase section */

/* Begin PBXTargetDependency section */
		C522AD7B2AFD32D8005F45A2 /* PBXTargetDependency */ = {
			isa = PBXTargetDependency;
			target = C522AD642AFD32D6005F45A2 /* EzMoneyTracker */;
			targetProxy = C522AD7A2AFD32D8005F45A2 /* PBXContainerItemProxy */;
		};
		C522AD852AFD32D8005F45A2 /* PBXTargetDependency */ = {
			isa = PBXTargetDependency;
			target = C522AD642AFD32D6005F45A2 /* EzMoneyTracker */;
			targetProxy = C522AD842AFD32D8005F45A2 /* PBXContainerItemProxy */;
		};
/* End PBXTargetDependency section */

/* Begin XCBuildConfiguration section */
		C522AD8B2AFD32D8005F45A2 /* Debug */ = {
			isa = XCBuildConfiguration;
			buildSettings = {
				ALWAYS_SEARCH_USER_PATHS = NO;
				ASSETCATALOG_COMPILER_GENERATE_SWIFT_ASSET_SYMBOL_EXTENSIONS = YES;
				CLANG_ANALYZER_NONNULL = YES;
				CLANG_ANALYZER_NUMBER_OBJECT_CONVERSION = YES_AGGRESSIVE;
				CLANG_CXX_LANGUAGE_STANDARD = "gnu++20";
				CLANG_ENABLE_MODULES = YES;
				CLANG_ENABLE_OBJC_ARC = YES;
				CLANG_ENABLE_OBJC_WEAK = YES;
				CLANG_WARN_BLOCK_CAPTURE_AUTORELEASING = YES;
				CLANG_WARN_BOOL_CONVERSION = YES;
				CLANG_WARN_COMMA = YES;
				CLANG_WARN_CONSTANT_CONVERSION = YES;
				CLANG_WARN_DEPRECATED_OBJC_IMPLEMENTATIONS = YES;
				CLANG_WARN_DIRECT_OBJC_ISA_USAGE = YES_ERROR;
				CLANG_WARN_DOCUMENTATION_COMMENTS = YES;
				CLANG_WARN_EMPTY_BODY = YES;
				CLANG_WARN_ENUM_CONVERSION = YES;
				CLANG_WARN_INFINITE_RECURSION = YES;
				CLANG_WARN_INT_CONVERSION = YES;
				CLANG_WARN_NON_LITERAL_NULL_CONVERSION = YES;
				CLANG_WARN_OBJC_IMPLICIT_RETAIN_SELF = YES;
				CLANG_WARN_OBJC_LITERAL_CONVERSION = YES;
				CLANG_WARN_OBJC_ROOT_CLASS = YES_ERROR;
				CLANG_WARN_QUOTED_INCLUDE_IN_FRAMEWORK_HEADER = YES;
				CLANG_WARN_RANGE_LOOP_ANALYSIS = YES;
				CLANG_WARN_STRICT_PROTOTYPES = YES;
				CLANG_WARN_SUSPICIOUS_MOVE = YES;
				CLANG_WARN_UNGUARDED_AVAILABILITY = YES_AGGRESSIVE;
				CLANG_WARN_UNREACHABLE_CODE = YES;
				CLANG_WARN__DUPLICATE_METHOD_MATCH = YES;
				COPY_PHASE_STRIP = NO;
				DEBUG_INFORMATION_FORMAT = dwarf;
				ENABLE_STRICT_OBJC_MSGSEND = YES;
				ENABLE_TESTABILITY = YES;
				ENABLE_USER_SCRIPT_SANDBOXING = YES;
				GCC_C_LANGUAGE_STANDARD = gnu17;
				GCC_DYNAMIC_NO_PIC = NO;
				GCC_NO_COMMON_BLOCKS = YES;
				GCC_OPTIMIZATION_LEVEL = 0;
				GCC_PREPROCESSOR_DEFINITIONS = (
					"DEBUG=1",
					"$(inherited)",
				);
				GCC_WARN_64_TO_32_BIT_CONVERSION = YES;
				GCC_WARN_ABOUT_RETURN_TYPE = YES_ERROR;
				GCC_WARN_UNDECLARED_SELECTOR = YES;
				GCC_WARN_UNINITIALIZED_AUTOS = YES_AGGRESSIVE;
				GCC_WARN_UNUSED_FUNCTION = YES;
				GCC_WARN_UNUSED_VARIABLE = YES;
				LOCALIZATION_PREFERS_STRING_CATALOGS = YES;
				MTL_ENABLE_DEBUG_INFO = INCLUDE_SOURCE;
				MTL_FAST_MATH = YES;
				ONLY_ACTIVE_ARCH = YES;
				SWIFT_ACTIVE_COMPILATION_CONDITIONS = "DEBUG $(inherited)";
				SWIFT_OPTIMIZATION_LEVEL = "-Onone";
			};
			name = Debug;
		};
		C522AD8C2AFD32D8005F45A2 /* Release */ = {
			isa = XCBuildConfiguration;
			buildSettings = {
				ALWAYS_SEARCH_USER_PATHS = NO;
				ASSETCATALOG_COMPILER_GENERATE_SWIFT_ASSET_SYMBOL_EXTENSIONS = YES;
				CLANG_ANALYZER_NONNULL = YES;
				CLANG_ANALYZER_NUMBER_OBJECT_CONVERSION = YES_AGGRESSIVE;
				CLANG_CXX_LANGUAGE_STANDARD = "gnu++20";
				CLANG_ENABLE_MODULES = YES;
				CLANG_ENABLE_OBJC_ARC = YES;
				CLANG_ENABLE_OBJC_WEAK = YES;
				CLANG_WARN_BLOCK_CAPTURE_AUTORELEASING = YES;
				CLANG_WARN_BOOL_CONVERSION = YES;
				CLANG_WARN_COMMA = YES;
				CLANG_WARN_CONSTANT_CONVERSION = YES;
				CLANG_WARN_DEPRECATED_OBJC_IMPLEMENTATIONS = YES;
				CLANG_WARN_DIRECT_OBJC_ISA_USAGE = YES_ERROR;
				CLANG_WARN_DOCUMENTATION_COMMENTS = YES;
				CLANG_WARN_EMPTY_BODY = YES;
				CLANG_WARN_ENUM_CONVERSION = YES;
				CLANG_WARN_INFINITE_RECURSION = YES;
				CLANG_WARN_INT_CONVERSION = YES;
				CLANG_WARN_NON_LITERAL_NULL_CONVERSION = YES;
				CLANG_WARN_OBJC_IMPLICIT_RETAIN_SELF = YES;
				CLANG_WARN_OBJC_LITERAL_CONVERSION = YES;
				CLANG_WARN_OBJC_ROOT_CLASS = YES_ERROR;
				CLANG_WARN_QUOTED_INCLUDE_IN_FRAMEWORK_HEADER = YES;
				CLANG_WARN_RANGE_LOOP_ANALYSIS = YES;
				CLANG_WARN_STRICT_PROTOTYPES = YES;
				CLANG_WARN_SUSPICIOUS_MOVE = YES;
				CLANG_WARN_UNGUARDED_AVAILABILITY = YES_AGGRESSIVE;
				CLANG_WARN_UNREACHABLE_CODE = YES;
				CLANG_WARN__DUPLICATE_METHOD_MATCH = YES;
				COPY_PHASE_STRIP = NO;
				DEBUG_INFORMATION_FORMAT = "dwarf-with-dsym";
				ENABLE_NS_ASSERTIONS = NO;
				ENABLE_STRICT_OBJC_MSGSEND = YES;
				ENABLE_USER_SCRIPT_SANDBOXING = YES;
				GCC_C_LANGUAGE_STANDARD = gnu17;
				GCC_NO_COMMON_BLOCKS = YES;
				GCC_WARN_64_TO_32_BIT_CONVERSION = YES;
				GCC_WARN_ABOUT_RETURN_TYPE = YES_ERROR;
				GCC_WARN_UNDECLARED_SELECTOR = YES;
				GCC_WARN_UNINITIALIZED_AUTOS = YES_AGGRESSIVE;
				GCC_WARN_UNUSED_FUNCTION = YES;
				GCC_WARN_UNUSED_VARIABLE = YES;
				LOCALIZATION_PREFERS_STRING_CATALOGS = YES;
				MTL_ENABLE_DEBUG_INFO = NO;
				MTL_FAST_MATH = YES;
				SWIFT_COMPILATION_MODE = wholemodule;
			};
			name = Release;
		};
		C522AD8E2AFD32D8005F45A2 /* Debug */ = {
			isa = XCBuildConfiguration;
			buildSettings = {
				ASSETCATALOG_COMPILER_APPICON_NAME = AppIcon;
				ASSETCATALOG_COMPILER_GLOBAL_ACCENT_COLOR_NAME = AccentColor;
				CODE_SIGN_ENTITLEMENTS = EzMoneyTracker/EzMoneyTracker.entitlements;
				CODE_SIGN_STYLE = Automatic;
				CURRENT_PROJECT_VERSION = 1;
				DEVELOPMENT_ASSET_PATHS = "\"EzMoneyTracker/Preview Content\"";
				DEVELOPMENT_TEAM = 47NZJ66X5R;
				ENABLE_HARDENED_RUNTIME = YES;
				ENABLE_PREVIEWS = YES;
				GENERATE_INFOPLIST_FILE = YES;
				INFOPLIST_FILE = EzMoneyTracker/Info.plist;
				"INFOPLIST_KEY_UIApplicationSceneManifest_Generation[sdk=iphoneos*]" = YES;
				"INFOPLIST_KEY_UIApplicationSceneManifest_Generation[sdk=iphonesimulator*]" = YES;
				"INFOPLIST_KEY_UIApplicationSupportsIndirectInputEvents[sdk=iphoneos*]" = YES;
				"INFOPLIST_KEY_UIApplicationSupportsIndirectInputEvents[sdk=iphonesimulator*]" = YES;
				"INFOPLIST_KEY_UILaunchScreen_Generation[sdk=iphoneos*]" = YES;
				"INFOPLIST_KEY_UILaunchScreen_Generation[sdk=iphonesimulator*]" = YES;
				"INFOPLIST_KEY_UIStatusBarStyle[sdk=iphoneos*]" = UIStatusBarStyleDefault;
				"INFOPLIST_KEY_UIStatusBarStyle[sdk=iphonesimulator*]" = UIStatusBarStyleDefault;
				INFOPLIST_KEY_UISupportedInterfaceOrientations_iPad = "UIInterfaceOrientationPortrait UIInterfaceOrientationPortraitUpsideDown UIInterfaceOrientationLandscapeLeft UIInterfaceOrientationLandscapeRight";
				INFOPLIST_KEY_UISupportedInterfaceOrientations_iPhone = "UIInterfaceOrientationPortrait UIInterfaceOrientationLandscapeLeft UIInterfaceOrientationLandscapeRight";
				IPHONEOS_DEPLOYMENT_TARGET = 17.0;
				LD_RUNPATH_SEARCH_PATHS = "@executable_path/Frameworks";
				"LD_RUNPATH_SEARCH_PATHS[sdk=macosx*]" = "@executable_path/../Frameworks";
				MACOSX_DEPLOYMENT_TARGET = 14.0;
				MARKETING_VERSION = 1.0;
				PRODUCT_BUNDLE_IDENTIFIER = com.haihw.EzMoneyTracker;
				PRODUCT_NAME = "$(TARGET_NAME)";
				SDKROOT = auto;
				SUPPORTED_PLATFORMS = "iphoneos iphonesimulator macosx";
				SWIFT_EMIT_LOC_STRINGS = YES;
				SWIFT_VERSION = 5.0;
				TARGETED_DEVICE_FAMILY = "1,2";
			};
			name = Debug;
		};
		C522AD8F2AFD32D8005F45A2 /* Release */ = {
			isa = XCBuildConfiguration;
			buildSettings = {
				ASSETCATALOG_COMPILER_APPICON_NAME = AppIcon;
				ASSETCATALOG_COMPILER_GLOBAL_ACCENT_COLOR_NAME = AccentColor;
				CODE_SIGN_ENTITLEMENTS = EzMoneyTracker/EzMoneyTracker.entitlements;
				CODE_SIGN_STYLE = Automatic;
				CURRENT_PROJECT_VERSION = 1;
				DEVELOPMENT_ASSET_PATHS = "\"EzMoneyTracker/Preview Content\"";
				DEVELOPMENT_TEAM = 47NZJ66X5R;
				ENABLE_HARDENED_RUNTIME = YES;
				ENABLE_PREVIEWS = YES;
				GENERATE_INFOPLIST_FILE = YES;
				INFOPLIST_FILE = EzMoneyTracker/Info.plist;
				"INFOPLIST_KEY_UIApplicationSceneManifest_Generation[sdk=iphoneos*]" = YES;
				"INFOPLIST_KEY_UIApplicationSceneManifest_Generation[sdk=iphonesimulator*]" = YES;
				"INFOPLIST_KEY_UIApplicationSupportsIndirectInputEvents[sdk=iphoneos*]" = YES;
				"INFOPLIST_KEY_UIApplicationSupportsIndirectInputEvents[sdk=iphonesimulator*]" = YES;
				"INFOPLIST_KEY_UILaunchScreen_Generation[sdk=iphoneos*]" = YES;
				"INFOPLIST_KEY_UILaunchScreen_Generation[sdk=iphonesimulator*]" = YES;
				"INFOPLIST_KEY_UIStatusBarStyle[sdk=iphoneos*]" = UIStatusBarStyleDefault;
				"INFOPLIST_KEY_UIStatusBarStyle[sdk=iphonesimulator*]" = UIStatusBarStyleDefault;
				INFOPLIST_KEY_UISupportedInterfaceOrientations_iPad = "UIInterfaceOrientationPortrait UIInterfaceOrientationPortraitUpsideDown UIInterfaceOrientationLandscapeLeft UIInterfaceOrientationLandscapeRight";
				INFOPLIST_KEY_UISupportedInterfaceOrientations_iPhone = "UIInterfaceOrientationPortrait UIInterfaceOrientationLandscapeLeft UIInterfaceOrientationLandscapeRight";
				IPHONEOS_DEPLOYMENT_TARGET = 17.0;
				LD_RUNPATH_SEARCH_PATHS = "@executable_path/Frameworks";
				"LD_RUNPATH_SEARCH_PATHS[sdk=macosx*]" = "@executable_path/../Frameworks";
				MACOSX_DEPLOYMENT_TARGET = 14.0;
				MARKETING_VERSION = 1.0;
				PRODUCT_BUNDLE_IDENTIFIER = com.haihw.EzMoneyTracker;
				PRODUCT_NAME = "$(TARGET_NAME)";
				SDKROOT = auto;
				SUPPORTED_PLATFORMS = "iphoneos iphonesimulator macosx";
				SWIFT_EMIT_LOC_STRINGS = YES;
				SWIFT_VERSION = 5.0;
				TARGETED_DEVICE_FAMILY = "1,2";
			};
			name = Release;
		};
		C522AD912AFD32D8005F45A2 /* Debug */ = {
			isa = XCBuildConfiguration;
			buildSettings = {
				ALWAYS_EMBED_SWIFT_STANDARD_LIBRARIES = YES;
				BUNDLE_LOADER = "$(TEST_HOST)";
				CODE_SIGN_STYLE = Automatic;
				CURRENT_PROJECT_VERSION = 1;
				DEVELOPMENT_TEAM = 47NZJ66X5R;
				GENERATE_INFOPLIST_FILE = YES;
				IPHONEOS_DEPLOYMENT_TARGET = 17.0;
				MACOSX_DEPLOYMENT_TARGET = 13.6;
				MARKETING_VERSION = 1.0;
				PRODUCT_BUNDLE_IDENTIFIER = com.haihw.EzMoneyTrackerTests;
				PRODUCT_NAME = "$(TARGET_NAME)";
				SDKROOT = auto;
				SUPPORTED_PLATFORMS = "iphoneos iphonesimulator macosx";
				SWIFT_EMIT_LOC_STRINGS = NO;
				SWIFT_VERSION = 5.0;
				TARGETED_DEVICE_FAMILY = "1,2";
				TEST_HOST = "$(BUILT_PRODUCTS_DIR)/EzMoneyTracker.app/$(BUNDLE_EXECUTABLE_FOLDER_PATH)/EzMoneyTracker";
			};
			name = Debug;
		};
		C522AD922AFD32D8005F45A2 /* Release */ = {
			isa = XCBuildConfiguration;
			buildSettings = {
				ALWAYS_EMBED_SWIFT_STANDARD_LIBRARIES = YES;
				BUNDLE_LOADER = "$(TEST_HOST)";
				CODE_SIGN_STYLE = Automatic;
				CURRENT_PROJECT_VERSION = 1;
				DEVELOPMENT_TEAM = 47NZJ66X5R;
				GENERATE_INFOPLIST_FILE = YES;
				IPHONEOS_DEPLOYMENT_TARGET = 17.0;
				MACOSX_DEPLOYMENT_TARGET = 13.6;
				MARKETING_VERSION = 1.0;
				PRODUCT_BUNDLE_IDENTIFIER = com.haihw.EzMoneyTrackerTests;
				PRODUCT_NAME = "$(TARGET_NAME)";
				SDKROOT = auto;
				SUPPORTED_PLATFORMS = "iphoneos iphonesimulator macosx";
				SWIFT_EMIT_LOC_STRINGS = NO;
				SWIFT_VERSION = 5.0;
				TARGETED_DEVICE_FAMILY = "1,2";
				TEST_HOST = "$(BUILT_PRODUCTS_DIR)/EzMoneyTracker.app/$(BUNDLE_EXECUTABLE_FOLDER_PATH)/EzMoneyTracker";
			};
			name = Release;
		};
		C522AD942AFD32D8005F45A2 /* Debug */ = {
			isa = XCBuildConfiguration;
			buildSettings = {
				ALWAYS_EMBED_SWIFT_STANDARD_LIBRARIES = YES;
				CODE_SIGN_STYLE = Automatic;
				CURRENT_PROJECT_VERSION = 1;
				DEVELOPMENT_TEAM = 47NZJ66X5R;
				GENERATE_INFOPLIST_FILE = YES;
				IPHONEOS_DEPLOYMENT_TARGET = 17.0;
				MACOSX_DEPLOYMENT_TARGET = 13.6;
				MARKETING_VERSION = 1.0;
				PRODUCT_BUNDLE_IDENTIFIER = com.haihw.EzMoneyTrackerUITests;
				PRODUCT_NAME = "$(TARGET_NAME)";
				SDKROOT = auto;
				SUPPORTED_PLATFORMS = "iphoneos iphonesimulator macosx";
				SWIFT_EMIT_LOC_STRINGS = NO;
				SWIFT_VERSION = 5.0;
				TARGETED_DEVICE_FAMILY = "1,2";
				TEST_TARGET_NAME = EzMoneyTracker;
			};
			name = Debug;
		};
		C522AD952AFD32D8005F45A2 /* Release */ = {
			isa = XCBuildConfiguration;
			buildSettings = {
				ALWAYS_EMBED_SWIFT_STANDARD_LIBRARIES = YES;
				CODE_SIGN_STYLE = Automatic;
				CURRENT_PROJECT_VERSION = 1;
				DEVELOPMENT_TEAM = 47NZJ66X5R;
				GENERATE_INFOPLIST_FILE = YES;
				IPHONEOS_DEPLOYMENT_TARGET = 17.0;
				MACOSX_DEPLOYMENT_TARGET = 13.6;
				MARKETING_VERSION = 1.0;
				PRODUCT_BUNDLE_IDENTIFIER = com.haihw.EzMoneyTrackerUITests;
				PRODUCT_NAME = "$(TARGET_NAME)";
				SDKROOT = auto;
				SUPPORTED_PLATFORMS = "iphoneos iphonesimulator macosx";
				SWIFT_EMIT_LOC_STRINGS = NO;
				SWIFT_VERSION = 5.0;
				TARGETED_DEVICE_FAMILY = "1,2";
				TEST_TARGET_NAME = EzMoneyTracker;
			};
			name = Release;
		};
/* End XCBuildConfiguration section */

/* Begin XCConfigurationList section */
		C522AD602AFD32D6005F45A2 /* Build configuration list for PBXProject "EzMoneyTracker" */ = {
			isa = XCConfigurationList;
			buildConfigurations = (
				C522AD8B2AFD32D8005F45A2 /* Debug */,
				C522AD8C2AFD32D8005F45A2 /* Release */,
			);
			defaultConfigurationIsVisible = 0;
			defaultConfigurationName = Release;
		};
		C522AD8D2AFD32D8005F45A2 /* Build configuration list for PBXNativeTarget "EzMoneyTracker" */ = {
			isa = XCConfigurationList;
			buildConfigurations = (
				C522AD8E2AFD32D8005F45A2 /* Debug */,
				C522AD8F2AFD32D8005F45A2 /* Release */,
			);
			defaultConfigurationIsVisible = 0;
			defaultConfigurationName = Release;
		};
		C522AD902AFD32D8005F45A2 /* Build configuration list for PBXNativeTarget "EzMoneyTrackerTests" */ = {
			isa = XCConfigurationList;
			buildConfigurations = (
				C522AD912AFD32D8005F45A2 /* Debug */,
				C522AD922AFD32D8005F45A2 /* Release */,
			);
			defaultConfigurationIsVisible = 0;
			defaultConfigurationName = Release;
		};
		C522AD932AFD32D8005F45A2 /* Build configuration list for PBXNativeTarget "EzMoneyTrackerUITests" */ = {
			isa = XCConfigurationList;
			buildConfigurations = (
				C522AD942AFD32D8005F45A2 /* Debug */,
				C522AD952AFD32D8005F45A2 /* Release */,
			);
			defaultConfigurationIsVisible = 0;
			defaultConfigurationName = Release;
		};
/* End XCConfigurationList section */
	};
	rootObject = C522AD5D2AFD32D6005F45A2 /* Project object */;
}
